
Microsoft Visual Studio Solution File, Format Version 12.00
# Visual Studio Version 17
VisualStudioVersion = 17.9.34728.123
MinimumVisualStudioVersion = 10.0.40219.1
Project("{FAE04EC0-301F-11D3-BF4B-00C04F79EFBC}") = "ATIVIDADE4", "ATIVIDADE4\ATIVIDADE4.csproj", "{FC4FB1D0-C1EB-4801-9217-4F340355B03B}"
EndProject
Global
	GlobalSection(SolutionConfigurationPlatforms) = preSolution
		Debug|Any CPU = Debug|Any CPU
		Release|Any CPU = Release|Any CPU
	EndGlobalSection
	GlobalSection(ProjectConfigurationPlatforms) = postSolution
		{FC4FB1D0-C1EB-4801-9217-4F340355B03B}.Debug|Any CPU.ActiveCfg = Debug|Any CPU
		{FC4FB1D0-C1EB-4801-9217-4F340355B03B}.Debug|Any CPU.Build.0 = Debug|Any CPU
		{FC4FB1D0-C1EB-4801-9217-4F340355B03B}.Release|Any CPU.ActiveCfg = Release|Any CPU
		{FC4FB1D0-C1EB-4801-9217-4F340355B03B}.Release|Any CPU.Build.0 = Release|Any CPU
	EndGlobalSection
	GlobalSection(SolutionProperties) = preSolution
		HideSolutionNode = FALSE
	EndGlobalSection
	GlobalSection(ExtensibilityGlobals) = postSolution
		SolutionGuid = {0E3E4C1A-6E3A-4972-8EB7-8D00589DC421}
	EndGlobalSection
EndGlobal
